
Microsoft Visual Studio Solution File, Format Version 12.00
# Visual Studio Version 17
VisualStudioVersion = 17.7.34031.279
MinimumVisualStudioVersion = 10.0.40219.1
Project("{FAE04EC0-301F-11D3-BF4B-00C04F79EFBC}") = "BattleShip", "BattleShip.csproj", "{402A3F1C-9D3B-460C-8849-D820D150C8CA}"
EndProject
Global
	GlobalSection(SolutionConfigurationPlatforms) = preSolution
		Debug|Any CPU = Debug|Any CPU
		Release|Any CPU = Release|Any CPU
	EndGlobalSection
	GlobalSection(ProjectConfigurationPlatforms) = postSolution
		{402A3F1C-9D3B-460C-8849-D820D150C8CA}.Debug|Any CPU.ActiveCfg = Debug|Any CPU
		{402A3F1C-9D3B-460C-8849-D820D150C8CA}.Debug|Any CPU.Build.0 = Debug|Any CPU
		{402A3F1C-9D3B-460C-8849-D820D150C8CA}.Release|Any CPU.ActiveCfg = Release|Any CPU
		{402A3F1C-9D3B-460C-8849-D820D150C8CA}.Release|Any CPU.Build.0 = Release|Any CPU
	EndGlobalSection
	GlobalSection(SolutionProperties) = preSolution
		HideSolutionNode = FALSE
	EndGlobalSection
	GlobalSection(ExtensibilityGlobals) = postSolution
		SolutionGuid = {B81AE96D-A92D-46E6-99AF-D0080D6617F9}
	EndGlobalSection
EndGlobal
